// !$*UTF8*$!
{
	archiveVersion = 1;
	classes = {
	};
	objectVersion = 46;
	objects = {

/* Begin PBXBuildFile section */
		0A12930413DCB7A3009D254F /* Navigation_iPhone.xib in Resources */ = {isa = PBXBuildFile; fileRef = 0A12930313DCB7A3009D254F /* Navigation_iPhone.xib */; };
		0A12930613DCBC63009D254F /* Face.png in Resources */ = {isa = PBXBuildFile; fileRef = 0A12930513DCBC63009D254F /* Face.png */; };
		0A12930913DCC0DC009D254F /* FacebookActive.png in Resources */ = {isa = PBXBuildFile; fileRef = 0A12930713DCC0DC009D254F /* FacebookActive.png */; };
		0A12930A13DCC0DC009D254F /* FacebookDisabled.png in Resources */ = {isa = PBXBuildFile; fileRef = 0A12930813DCC0DC009D254F /* FacebookDisabled.png */; };
		0A12930D13DCC0E7009D254F /* TwitterActive.png in Resources */ = {isa = PBXBuildFile; fileRef = 0A12930B13DCC0E7009D254F /* TwitterActive.png */; };
		0A12930E13DCC0E7009D254F /* TwitterDisabled.png in Resources */ = {isa = PBXBuildFile; fileRef = 0A12930C13DCC0E7009D254F /* TwitterDisabled.png */; };
		0A12931013DCC2D6009D254F /* Navigation_iPad.xib in Resources */ = {isa = PBXBuildFile; fileRef = 0A12930F13DCC2D6009D254F /* Navigation_iPad.xib */; };
		0A12931313DCD2AA009D254F /* NavigationViewController_iPhone.m in Sources */ = {isa = PBXBuildFile; fileRef = 0A12931213DCD2AA009D254F /* NavigationViewController_iPhone.m */; };
		0A12931613DCD300009D254F /* NavigationViewController.m in Sources */ = {isa = PBXBuildFile; fileRef = 0A12931513DCD300009D254F /* NavigationViewController.m */; };
		0A12931913DCD8CA009D254F /* NavigationViewController_iPad.m in Sources */ = {isa = PBXBuildFile; fileRef = 0A12931813DCD8CA009D254F /* NavigationViewController_iPad.m */; };
		0A12932613DCE9C6009D254F /* Root_iPhone.xib in Resources */ = {isa = PBXBuildFile; fileRef = 0A12932413DCE9C5009D254F /* Root_iPhone.xib */; };
		0A12932913DCEA7E009D254F /* RootViewController.m in Sources */ = {isa = PBXBuildFile; fileRef = 0A12932813DCEA7E009D254F /* RootViewController.m */; };
		0A12932E13DCEAE4009D254F /* Root_iPad.xib in Resources */ = {isa = PBXBuildFile; fileRef = 0A12932C13DCEAE4009D254F /* Root_iPad.xib */; };
		0A12933213DCF84B009D254F /* ForegroundStripes.png in Resources */ = {isa = PBXBuildFile; fileRef = 0A12933113DCF84B009D254F /* ForegroundStripes.png */; };
		0A12933B13DD0DC0009D254F /* VideoTableViewController.m in Sources */ = {isa = PBXBuildFile; fileRef = 0A12933A13DD0DC0009D254F /* VideoTableViewController.m */; };
		0A12934113DD2EE4009D254F /* AVFoundation.framework in Frameworks */ = {isa = PBXBuildFile; fileRef = 0A12934013DD2EE3009D254F /* AVFoundation.framework */; };
		0A12934313DD2FFC009D254F /* MediaPlayer.framework in Frameworks */ = {isa = PBXBuildFile; fileRef = 0A12934213DD2FFB009D254F /* MediaPlayer.framework */; };
		0A220C9713DE8193004BE680 /* VideoTableData.m in Sources */ = {isa = PBXBuildFile; fileRef = 0A220C9613DE8193004BE680 /* VideoTableData.m */; };
		0A509E8B13DBAB7C00FED5D9 /* BackgroundStripes.png in Resources */ = {isa = PBXBuildFile; fileRef = 0A509E8A13DBAB7C00FED5D9 /* BackgroundStripes.png */; };
		0AD9A35513D53BD200EFECE0 /* UIKit.framework in Frameworks */ = {isa = PBXBuildFile; fileRef = 0AD9A35413D53BD200EFECE0 /* UIKit.framework */; };
		0AD9A35713D53BD200EFECE0 /* Foundation.framework in Frameworks */ = {isa = PBXBuildFile; fileRef = 0AD9A35613D53BD200EFECE0 /* Foundation.framework */; };
		0AD9A35913D53BD200EFECE0 /* CoreGraphics.framework in Frameworks */ = {isa = PBXBuildFile; fileRef = 0AD9A35813D53BD200EFECE0 /* CoreGraphics.framework */; };
		0AD9A35B13D53BD200EFECE0 /* CoreData.framework in Frameworks */ = {isa = PBXBuildFile; fileRef = 0AD9A35A13D53BD200EFECE0 /* CoreData.framework */; };
		0AD9A36113D53BD300EFECE0 /* InfoPlist.strings in Resources */ = {isa = PBXBuildFile; fileRef = 0AD9A35F13D53BD200EFECE0 /* InfoPlist.strings */; };
		0AD9A36413D53BD300EFECE0 /* main.m in Sources */ = {isa = PBXBuildFile; fileRef = 0AD9A36313D53BD300EFECE0 /* main.m */; };
		0AD9A36713D53BD300EFECE0 /* ShelbyAppDelegate.m in Sources */ = {isa = PBXBuildFile; fileRef = 0AD9A36613D53BD300EFECE0 /* ShelbyAppDelegate.m */; };
		0AD9A36A13D53BD300EFECE0 /* Shelby.xcdatamodeld in Sources */ = {isa = PBXBuildFile; fileRef = 0AD9A36813D53BD300EFECE0 /* Shelby.xcdatamodeld */; };
		0AD9A36E13D53BD300EFECE0 /* ShelbyAppDelegate_iPhone.m in Sources */ = {isa = PBXBuildFile; fileRef = 0AD9A36D13D53BD300EFECE0 /* ShelbyAppDelegate_iPhone.m */; };
		0AD9A37113D53BD300EFECE0 /* MainWindow_iPhone.xib in Resources */ = {isa = PBXBuildFile; fileRef = 0AD9A36F13D53BD300EFECE0 /* MainWindow_iPhone.xib */; };
		0AD9A37513D53BD300EFECE0 /* ShelbyAppDelegate_iPad.m in Sources */ = {isa = PBXBuildFile; fileRef = 0AD9A37413D53BD300EFECE0 /* ShelbyAppDelegate_iPad.m */; };
		0AD9A37813D53BD300EFECE0 /* MainWindow_iPad.xib in Resources */ = {isa = PBXBuildFile; fileRef = 0AD9A37613D53BD300EFECE0 /* MainWindow_iPad.xib */; };
		0AD9A37F13D53BD300EFECE0 /* UIKit.framework in Frameworks */ = {isa = PBXBuildFile; fileRef = 0AD9A35413D53BD200EFECE0 /* UIKit.framework */; };
		0AD9A38013D53BD300EFECE0 /* Foundation.framework in Frameworks */ = {isa = PBXBuildFile; fileRef = 0AD9A35613D53BD200EFECE0 /* Foundation.framework */; };
		0AD9A38113D53BD300EFECE0 /* CoreGraphics.framework in Frameworks */ = {isa = PBXBuildFile; fileRef = 0AD9A35813D53BD200EFECE0 /* CoreGraphics.framework */; };
		0AD9A38213D53BD300EFECE0 /* CoreData.framework in Frameworks */ = {isa = PBXBuildFile; fileRef = 0AD9A35A13D53BD200EFECE0 /* CoreData.framework */; };
		0AD9A38A13D53BD300EFECE0 /* InfoPlist.strings in Resources */ = {isa = PBXBuildFile; fileRef = 0AD9A38813D53BD300EFECE0 /* InfoPlist.strings */; };
		0AD9A38D13D53BD300EFECE0 /* ShelbyTests.h in Resources */ = {isa = PBXBuildFile; fileRef = 0AD9A38C13D53BD300EFECE0 /* ShelbyTests.h */; };
		0AD9A38F13D53BD300EFECE0 /* ShelbyTests.m in Sources */ = {isa = PBXBuildFile; fileRef = 0AD9A38E13D53BD300EFECE0 /* ShelbyTests.m */; };
		0AD9A3ED13D69C9400EFECE0 /* Login_iPad.xib in Resources */ = {isa = PBXBuildFile; fileRef = 0AD9A3EC13D69C9400EFECE0 /* Login_iPad.xib */; };
		0AD9A3F013D6A13B00EFECE0 /* Logo.png in Resources */ = {isa = PBXBuildFile; fileRef = 0AD9A3EF13D6A13B00EFECE0 /* Logo.png */; };
		0AD9A3F213D6A1CF00EFECE0 /* Login_iPhone.xib in Resources */ = {isa = PBXBuildFile; fileRef = 0AD9A3F113D6A1CF00EFECE0 /* Login_iPhone.xib */; };
		0AD9A3F613D6A45300EFECE0 /* LoginViewController.m in Sources */ = {isa = PBXBuildFile; fileRef = 0AD9A3F413D6A45200EFECE0 /* LoginViewController.m */; };
/* End PBXBuildFile section */

/* Begin PBXContainerItemProxy section */
		0AD9A38313D53BD300EFECE0 /* PBXContainerItemProxy */ = {
			isa = PBXContainerItemProxy;
			containerPortal = 0AD9A34713D53BD200EFECE0 /* Project object */;
			proxyType = 1;
			remoteGlobalIDString = 0AD9A34F13D53BD200EFECE0;
			remoteInfo = Shelby;
		};
/* End PBXContainerItemProxy section */

/* Begin PBXFileReference section */
		0A12930313DCB7A3009D254F /* Navigation_iPhone.xib */ = {isa = PBXFileReference; fileEncoding = 4; lastKnownFileType = file.xib; path = Navigation_iPhone.xib; sourceTree = "<group>"; };
		0A12930513DCBC63009D254F /* Face.png */ = {isa = PBXFileReference; lastKnownFileType = image.png; path = Face.png; sourceTree = "<group>"; };
		0A12930713DCC0DC009D254F /* FacebookActive.png */ = {isa = PBXFileReference; lastKnownFileType = image.png; path = FacebookActive.png; sourceTree = "<group>"; };
		0A12930813DCC0DC009D254F /* FacebookDisabled.png */ = {isa = PBXFileReference; lastKnownFileType = image.png; path = FacebookDisabled.png; sourceTree = "<group>"; };
		0A12930B13DCC0E7009D254F /* TwitterActive.png */ = {isa = PBXFileReference; lastKnownFileType = image.png; path = TwitterActive.png; sourceTree = "<group>"; };
		0A12930C13DCC0E7009D254F /* TwitterDisabled.png */ = {isa = PBXFileReference; lastKnownFileType = image.png; path = TwitterDisabled.png; sourceTree = "<group>"; };
		0A12930F13DCC2D6009D254F /* Navigation_iPad.xib */ = {isa = PBXFileReference; fileEncoding = 4; lastKnownFileType = file.xib; path = Navigation_iPad.xib; sourceTree = "<group>"; };
		0A12931113DCD2AA009D254F /* NavigationViewController_iPhone.h */ = {isa = PBXFileReference; fileEncoding = 4; lastKnownFileType = sourcecode.c.h; path = NavigationViewController_iPhone.h; sourceTree = "<group>"; };
		0A12931213DCD2AA009D254F /* NavigationViewController_iPhone.m */ = {isa = PBXFileReference; fileEncoding = 4; lastKnownFileType = sourcecode.c.objc; path = NavigationViewController_iPhone.m; sourceTree = "<group>"; };
		0A12931413DCD300009D254F /* NavigationViewController.h */ = {isa = PBXFileReference; fileEncoding = 4; lastKnownFileType = sourcecode.c.h; path = NavigationViewController.h; sourceTree = "<group>"; };
		0A12931513DCD300009D254F /* NavigationViewController.m */ = {isa = PBXFileReference; fileEncoding = 4; lastKnownFileType = sourcecode.c.objc; path = NavigationViewController.m; sourceTree = "<group>"; };
		0A12931713DCD8CA009D254F /* NavigationViewController_iPad.h */ = {isa = PBXFileReference; fileEncoding = 4; lastKnownFileType = sourcecode.c.h; path = NavigationViewController_iPad.h; sourceTree = "<group>"; };
		0A12931813DCD8CA009D254F /* NavigationViewController_iPad.m */ = {isa = PBXFileReference; fileEncoding = 4; lastKnownFileType = sourcecode.c.objc; path = NavigationViewController_iPad.m; sourceTree = "<group>"; };
		0A12932413DCE9C5009D254F /* Root_iPhone.xib */ = {isa = PBXFileReference; fileEncoding = 4; lastKnownFileType = file.xib; path = Root_iPhone.xib; sourceTree = "<group>"; };
		0A12932713DCEA7E009D254F /* RootViewController.h */ = {isa = PBXFileReference; fileEncoding = 4; lastKnownFileType = sourcecode.c.h; path = RootViewController.h; sourceTree = "<group>"; };
		0A12932813DCEA7E009D254F /* RootViewController.m */ = {isa = PBXFileReference; fileEncoding = 4; lastKnownFileType = sourcecode.c.objc; path = RootViewController.m; sourceTree = "<group>"; };
		0A12932C13DCEAE4009D254F /* Root_iPad.xib */ = {isa = PBXFileReference; fileEncoding = 4; lastKnownFileType = file.xib; path = Root_iPad.xib; sourceTree = "<group>"; };
		0A12933113DCF84B009D254F /* ForegroundStripes.png */ = {isa = PBXFileReference; lastKnownFileType = image.png; path = ForegroundStripes.png; sourceTree = "<group>"; };
		0A12933913DD0DBF009D254F /* VideoTableViewController.h */ = {isa = PBXFileReference; fileEncoding = 4; lastKnownFileType = sourcecode.c.h; path = VideoTableViewController.h; sourceTree = "<group>"; };
		0A12933A13DD0DC0009D254F /* VideoTableViewController.m */ = {isa = PBXFileReference; fileEncoding = 4; lastKnownFileType = sourcecode.c.objc; path = VideoTableViewController.m; sourceTree = "<group>"; };
		0A12934013DD2EE3009D254F /* AVFoundation.framework */ = {isa = PBXFileReference; lastKnownFileType = wrapper.framework; name = AVFoundation.framework; path = System/Library/Frameworks/AVFoundation.framework; sourceTree = SDKROOT; };
		0A12934213DD2FFB009D254F /* MediaPlayer.framework */ = {isa = PBXFileReference; lastKnownFileType = wrapper.framework; name = MediaPlayer.framework; path = System/Library/Frameworks/MediaPlayer.framework; sourceTree = SDKROOT; };
		0A220C9513DE8193004BE680 /* VideoTableData.h */ = {isa = PBXFileReference; fileEncoding = 4; lastKnownFileType = sourcecode.c.h; path = VideoTableData.h; sourceTree = "<group>"; };
		0A220C9613DE8193004BE680 /* VideoTableData.m */ = {isa = PBXFileReference; fileEncoding = 4; lastKnownFileType = sourcecode.c.objc; path = VideoTableData.m; sourceTree = "<group>"; };
		0A509E8A13DBAB7C00FED5D9 /* BackgroundStripes.png */ = {isa = PBXFileReference; lastKnownFileType = image.png; name = BackgroundStripes.png; path = ../BackgroundStripes.png; sourceTree = "<group>"; };
		0AD9A35013D53BD200EFECE0 /* Shelby.app */ = {isa = PBXFileReference; explicitFileType = wrapper.application; includeInIndex = 0; path = Shelby.app; sourceTree = BUILT_PRODUCTS_DIR; };
		0AD9A35413D53BD200EFECE0 /* UIKit.framework */ = {isa = PBXFileReference; lastKnownFileType = wrapper.framework; name = UIKit.framework; path = System/Library/Frameworks/UIKit.framework; sourceTree = SDKROOT; };
		0AD9A35613D53BD200EFECE0 /* Foundation.framework */ = {isa = PBXFileReference; lastKnownFileType = wrapper.framework; name = Foundation.framework; path = System/Library/Frameworks/Foundation.framework; sourceTree = SDKROOT; };
		0AD9A35813D53BD200EFECE0 /* CoreGraphics.framework */ = {isa = PBXFileReference; lastKnownFileType = wrapper.framework; name = CoreGraphics.framework; path = System/Library/Frameworks/CoreGraphics.framework; sourceTree = SDKROOT; };
		0AD9A35A13D53BD200EFECE0 /* CoreData.framework */ = {isa = PBXFileReference; lastKnownFileType = wrapper.framework; name = CoreData.framework; path = System/Library/Frameworks/CoreData.framework; sourceTree = SDKROOT; };
		0AD9A35E13D53BD200EFECE0 /* Shelby-Info.plist */ = {isa = PBXFileReference; lastKnownFileType = text.plist.xml; path = "Shelby-Info.plist"; sourceTree = "<group>"; };
		0AD9A36013D53BD200EFECE0 /* en */ = {isa = PBXFileReference; lastKnownFileType = text.plist.strings; name = en; path = en.lproj/InfoPlist.strings; sourceTree = "<group>"; };
		0AD9A36213D53BD300EFECE0 /* Shelby-Prefix.pch */ = {isa = PBXFileReference; lastKnownFileType = sourcecode.c.h; path = "Shelby-Prefix.pch"; sourceTree = "<group>"; };
		0AD9A36313D53BD300EFECE0 /* main.m */ = {isa = PBXFileReference; lastKnownFileType = sourcecode.c.objc; path = main.m; sourceTree = "<group>"; };
		0AD9A36513D53BD300EFECE0 /* ShelbyAppDelegate.h */ = {isa = PBXFileReference; lastKnownFileType = sourcecode.c.h; path = ShelbyAppDelegate.h; sourceTree = "<group>"; };
		0AD9A36613D53BD300EFECE0 /* ShelbyAppDelegate.m */ = {isa = PBXFileReference; lastKnownFileType = sourcecode.c.objc; path = ShelbyAppDelegate.m; sourceTree = "<group>"; };
		0AD9A36913D53BD300EFECE0 /* Shelby.xcdatamodel */ = {isa = PBXFileReference; lastKnownFileType = wrapper.xcdatamodel; path = Shelby.xcdatamodel; sourceTree = "<group>"; };
		0AD9A36C13D53BD300EFECE0 /* ShelbyAppDelegate_iPhone.h */ = {isa = PBXFileReference; lastKnownFileType = sourcecode.c.h; name = ShelbyAppDelegate_iPhone.h; path = iPhone/ShelbyAppDelegate_iPhone.h; sourceTree = "<group>"; };
		0AD9A36D13D53BD300EFECE0 /* ShelbyAppDelegate_iPhone.m */ = {isa = PBXFileReference; lastKnownFileType = sourcecode.c.objc; name = ShelbyAppDelegate_iPhone.m; path = iPhone/ShelbyAppDelegate_iPhone.m; sourceTree = "<group>"; };
		0AD9A37013D53BD300EFECE0 /* en */ = {isa = PBXFileReference; lastKnownFileType = file.xib; name = en; path = iPhone/en.lproj/MainWindow_iPhone.xib; sourceTree = "<group>"; };
		0AD9A37313D53BD300EFECE0 /* ShelbyAppDelegate_iPad.h */ = {isa = PBXFileReference; lastKnownFileType = sourcecode.c.h; name = ShelbyAppDelegate_iPad.h; path = iPad/ShelbyAppDelegate_iPad.h; sourceTree = "<group>"; };
		0AD9A37413D53BD300EFECE0 /* ShelbyAppDelegate_iPad.m */ = {isa = PBXFileReference; lastKnownFileType = sourcecode.c.objc; name = ShelbyAppDelegate_iPad.m; path = iPad/ShelbyAppDelegate_iPad.m; sourceTree = "<group>"; };
		0AD9A37713D53BD300EFECE0 /* en */ = {isa = PBXFileReference; lastKnownFileType = file.xib; name = en; path = iPad/en.lproj/MainWindow_iPad.xib; sourceTree = "<group>"; };
		0AD9A37E13D53BD300EFECE0 /* ShelbyTests.octest */ = {isa = PBXFileReference; explicitFileType = wrapper.cfbundle; includeInIndex = 0; path = ShelbyTests.octest; sourceTree = BUILT_PRODUCTS_DIR; };
		0AD9A38713D53BD300EFECE0 /* ShelbyTests-Info.plist */ = {isa = PBXFileReference; lastKnownFileType = text.plist.xml; path = "ShelbyTests-Info.plist"; sourceTree = "<group>"; };
		0AD9A38913D53BD300EFECE0 /* en */ = {isa = PBXFileReference; lastKnownFileType = text.plist.strings; name = en; path = en.lproj/InfoPlist.strings; sourceTree = "<group>"; };
		0AD9A38B13D53BD300EFECE0 /* ShelbyTests-Prefix.pch */ = {isa = PBXFileReference; lastKnownFileType = sourcecode.c.h; path = "ShelbyTests-Prefix.pch"; sourceTree = "<group>"; };
		0AD9A38C13D53BD300EFECE0 /* ShelbyTests.h */ = {isa = PBXFileReference; lastKnownFileType = sourcecode.c.h; path = ShelbyTests.h; sourceTree = "<group>"; };
		0AD9A38E13D53BD300EFECE0 /* ShelbyTests.m */ = {isa = PBXFileReference; lastKnownFileType = sourcecode.c.objc; path = ShelbyTests.m; sourceTree = "<group>"; };
		0AD9A3EC13D69C9400EFECE0 /* Login_iPad.xib */ = {isa = PBXFileReference; fileEncoding = 4; lastKnownFileType = file.xib; path = Login_iPad.xib; sourceTree = "<group>"; };
		0AD9A3EF13D6A13B00EFECE0 /* Logo.png */ = {isa = PBXFileReference; lastKnownFileType = image.png; path = Logo.png; sourceTree = "<group>"; };
		0AD9A3F113D6A1CF00EFECE0 /* Login_iPhone.xib */ = {isa = PBXFileReference; fileEncoding = 4; lastKnownFileType = file.xib; path = Login_iPhone.xib; sourceTree = "<group>"; };
		0AD9A3F313D6A45200EFECE0 /* LoginViewController.h */ = {isa = PBXFileReference; fileEncoding = 4; lastKnownFileType = sourcecode.c.h; path = LoginViewController.h; sourceTree = "<group>"; };
		0AD9A3F413D6A45200EFECE0 /* LoginViewController.m */ = {isa = PBXFileReference; fileEncoding = 4; lastKnownFileType = sourcecode.c.objc; path = LoginViewController.m; sourceTree = "<group>"; };
/* End PBXFileReference section */

/* Begin PBXFrameworksBuildPhase section */
		0AD9A34D13D53BD200EFECE0 /* Frameworks */ = {
			isa = PBXFrameworksBuildPhase;
			buildActionMask = 2147483647;
			files = (
				0A12934313DD2FFC009D254F /* MediaPlayer.framework in Frameworks */,
				0A12934113DD2EE4009D254F /* AVFoundation.framework in Frameworks */,
				0AD9A35513D53BD200EFECE0 /* UIKit.framework in Frameworks */,
				0AD9A35713D53BD200EFECE0 /* Foundation.framework in Frameworks */,
				0AD9A35913D53BD200EFECE0 /* CoreGraphics.framework in Frameworks */,
				0AD9A35B13D53BD200EFECE0 /* CoreData.framework in Frameworks */,
			);
			runOnlyForDeploymentPostprocessing = 0;
		};
		0AD9A37A13D53BD300EFECE0 /* Frameworks */ = {
			isa = PBXFrameworksBuildPhase;
			buildActionMask = 2147483647;
			files = (
				0AD9A37F13D53BD300EFECE0 /* UIKit.framework in Frameworks */,
				0AD9A38013D53BD300EFECE0 /* Foundation.framework in Frameworks */,
				0AD9A38113D53BD300EFECE0 /* CoreGraphics.framework in Frameworks */,
				0AD9A38213D53BD300EFECE0 /* CoreData.framework in Frameworks */,
			);
			runOnlyForDeploymentPostprocessing = 0;
		};
/* End PBXFrameworksBuildPhase section */

/* Begin PBXGroup section */
		0AD9A34513D53BD200EFECE0 = {
			isa = PBXGroup;
			children = (
				0AD9A35C13D53BD200EFECE0 /* Shelby */,
				0AD9A38513D53BD300EFECE0 /* ShelbyTests */,
				0AD9A35313D53BD200EFECE0 /* Frameworks */,
				0AD9A35113D53BD200EFECE0 /* Products */,
			);
			sourceTree = "<group>";
		};
		0AD9A35113D53BD200EFECE0 /* Products */ = {
			isa = PBXGroup;
			children = (
				0AD9A35013D53BD200EFECE0 /* Shelby.app */,
				0AD9A37E13D53BD300EFECE0 /* ShelbyTests.octest */,
			);
			name = Products;
			sourceTree = "<group>";
		};
		0AD9A35313D53BD200EFECE0 /* Frameworks */ = {
			isa = PBXGroup;
			children = (
				0A12934213DD2FFB009D254F /* MediaPlayer.framework */,
				0A12934013DD2EE3009D254F /* AVFoundation.framework */,
				0AD9A35413D53BD200EFECE0 /* UIKit.framework */,
				0AD9A35613D53BD200EFECE0 /* Foundation.framework */,
				0AD9A35813D53BD200EFECE0 /* CoreGraphics.framework */,
				0AD9A35A13D53BD200EFECE0 /* CoreData.framework */,
			);
			name = Frameworks;
			sourceTree = "<group>";
		};
		0AD9A35C13D53BD200EFECE0 /* Shelby */ = {
			isa = PBXGroup;
			children = (
				0AD9A3F313D6A45200EFECE0 /* LoginViewController.h */,
				0AD9A3F413D6A45200EFECE0 /* LoginViewController.m */,
				0A12931413DCD300009D254F /* NavigationViewController.h */,
				0A12931513DCD300009D254F /* NavigationViewController.m */,
				0AD9A36513D53BD300EFECE0 /* ShelbyAppDelegate.h */,
				0AD9A36613D53BD300EFECE0 /* ShelbyAppDelegate.m */,
				0A12932713DCEA7E009D254F /* RootViewController.h */,
				0A12932813DCEA7E009D254F /* RootViewController.m */,
				0A220C9513DE8193004BE680 /* VideoTableData.h */,
				0A220C9613DE8193004BE680 /* VideoTableData.m */,
				0A12933913DD0DBF009D254F /* VideoTableViewController.h */,
				0A12933A13DD0DC0009D254F /* VideoTableViewController.m */,
				0AD9A36813D53BD300EFECE0 /* Shelby.xcdatamodeld */,
				0AD9A36B13D53BD300EFECE0 /* iPhone */,
				0AD9A37213D53BD300EFECE0 /* iPad */,
				0AD9A35D13D53BD200EFECE0 /* Supporting Files */,
			);
			path = Shelby;
			sourceTree = "<group>";
		};
		0AD9A35D13D53BD200EFECE0 /* Supporting Files */ = {
			isa = PBXGroup;
			children = (
				0AD9A35E13D53BD200EFECE0 /* Shelby-Info.plist */,
				0AD9A35F13D53BD200EFECE0 /* InfoPlist.strings */,
				0AD9A36213D53BD300EFECE0 /* Shelby-Prefix.pch */,
				0AD9A36313D53BD300EFECE0 /* main.m */,
				0A12930713DCC0DC009D254F /* FacebookActive.png */,
				0A12930813DCC0DC009D254F /* FacebookDisabled.png */,
				0A12930B13DCC0E7009D254F /* TwitterActive.png */,
				0A12930C13DCC0E7009D254F /* TwitterDisabled.png */,
				0A12930513DCBC63009D254F /* Face.png */,
				0AD9A3EF13D6A13B00EFECE0 /* Logo.png */,
				0A509E8A13DBAB7C00FED5D9 /* BackgroundStripes.png */,
				0A12933113DCF84B009D254F /* ForegroundStripes.png */,
			);
			name = "Supporting Files";
			sourceTree = "<group>";
		};
		0AD9A36B13D53BD300EFECE0 /* iPhone */ = {
			isa = PBXGroup;
			children = (
				0A12931113DCD2AA009D254F /* NavigationViewController_iPhone.h */,
				0A12931213DCD2AA009D254F /* NavigationViewController_iPhone.m */,
				0AD9A36C13D53BD300EFECE0 /* ShelbyAppDelegate_iPhone.h */,
				0AD9A36D13D53BD300EFECE0 /* ShelbyAppDelegate_iPhone.m */,
				0AD9A3F113D6A1CF00EFECE0 /* Login_iPhone.xib */,
				0AD9A36F13D53BD300EFECE0 /* MainWindow_iPhone.xib */,
				0A12930313DCB7A3009D254F /* Navigation_iPhone.xib */,
				0A12932413DCE9C5009D254F /* Root_iPhone.xib */,
			);
			name = iPhone;
			sourceTree = "<group>";
		};
		0AD9A37213D53BD300EFECE0 /* iPad */ = {
			isa = PBXGroup;
			children = (
				0A12931713DCD8CA009D254F /* NavigationViewController_iPad.h */,
				0A12931813DCD8CA009D254F /* NavigationViewController_iPad.m */,
				0AD9A37313D53BD300EFECE0 /* ShelbyAppDelegate_iPad.h */,
				0AD9A37413D53BD300EFECE0 /* ShelbyAppDelegate_iPad.m */,
				0AD9A3EC13D69C9400EFECE0 /* Login_iPad.xib */,
				0AD9A37613D53BD300EFECE0 /* MainWindow_iPad.xib */,
				0A12930F13DCC2D6009D254F /* Navigation_iPad.xib */,
				0A12932C13DCEAE4009D254F /* Root_iPad.xib */,
			);
			name = iPad;
			sourceTree = "<group>";
		};
		0AD9A38513D53BD300EFECE0 /* ShelbyTests */ = {
			isa = PBXGroup;
			children = (
				0AD9A38C13D53BD300EFECE0 /* ShelbyTests.h */,
				0AD9A38E13D53BD300EFECE0 /* ShelbyTests.m */,
				0AD9A38613D53BD300EFECE0 /* Supporting Files */,
			);
			path = ShelbyTests;
			sourceTree = "<group>";
		};
		0AD9A38613D53BD300EFECE0 /* Supporting Files */ = {
			isa = PBXGroup;
			children = (
				0AD9A38713D53BD300EFECE0 /* ShelbyTests-Info.plist */,
				0AD9A38813D53BD300EFECE0 /* InfoPlist.strings */,
				0AD9A38B13D53BD300EFECE0 /* ShelbyTests-Prefix.pch */,
			);
			name = "Supporting Files";
			sourceTree = "<group>";
		};
/* End PBXGroup section */

/* Begin PBXNativeTarget section */
		0AD9A34F13D53BD200EFECE0 /* Shelby */ = {
			isa = PBXNativeTarget;
			buildConfigurationList = 0AD9A39213D53BD300EFECE0 /* Build configuration list for PBXNativeTarget "Shelby" */;
			buildPhases = (
				0AD9A34C13D53BD200EFECE0 /* Sources */,
				0AD9A34D13D53BD200EFECE0 /* Frameworks */,
				0AD9A34E13D53BD200EFECE0 /* Resources */,
			);
			buildRules = (
			);
			dependencies = (
			);
			name = Shelby;
			productName = Shelby;
			productReference = 0AD9A35013D53BD200EFECE0 /* Shelby.app */;
			productType = "com.apple.product-type.application";
		};
		0AD9A37D13D53BD300EFECE0 /* ShelbyTests */ = {
			isa = PBXNativeTarget;
			buildConfigurationList = 0AD9A39513D53BD300EFECE0 /* Build configuration list for PBXNativeTarget "ShelbyTests" */;
			buildPhases = (
				0AD9A37913D53BD300EFECE0 /* Sources */,
				0AD9A37A13D53BD300EFECE0 /* Frameworks */,
				0AD9A37B13D53BD300EFECE0 /* Resources */,
				0AD9A37C13D53BD300EFECE0 /* ShellScript */,
			);
			buildRules = (
			);
			dependencies = (
				0AD9A38413D53BD300EFECE0 /* PBXTargetDependency */,
			);
			name = ShelbyTests;
			productName = ShelbyTests;
			productReference = 0AD9A37E13D53BD300EFECE0 /* ShelbyTests.octest */;
			productType = "com.apple.product-type.bundle";
		};
/* End PBXNativeTarget section */

/* Begin PBXProject section */
		0AD9A34713D53BD200EFECE0 /* Project object */ = {
			isa = PBXProject;
			buildConfigurationList = 0AD9A34A13D53BD200EFECE0 /* Build configuration list for PBXProject "Shelby" */;
			compatibilityVersion = "Xcode 3.2";
			developmentRegion = English;
			hasScannedForEncodings = 0;
			knownRegions = (
				en,
			);
			mainGroup = 0AD9A34513D53BD200EFECE0;
			productRefGroup = 0AD9A35113D53BD200EFECE0 /* Products */;
			projectDirPath = "";
			projectRoot = "";
			targets = (
				0AD9A34F13D53BD200EFECE0 /* Shelby */,
				0AD9A37D13D53BD300EFECE0 /* ShelbyTests */,
			);
		};
/* End PBXProject section */

/* Begin PBXResourcesBuildPhase section */
		0AD9A34E13D53BD200EFECE0 /* Resources */ = {
			isa = PBXResourcesBuildPhase;
			buildActionMask = 2147483647;
			files = (
				0AD9A36113D53BD300EFECE0 /* InfoPlist.strings in Resources */,
				0AD9A37113D53BD300EFECE0 /* MainWindow_iPhone.xib in Resources */,
				0AD9A37813D53BD300EFECE0 /* MainWindow_iPad.xib in Resources */,
				0AD9A3ED13D69C9400EFECE0 /* Login_iPad.xib in Resources */,
				0AD9A3F013D6A13B00EFECE0 /* Logo.png in Resources */,
				0AD9A3F213D6A1CF00EFECE0 /* Login_iPhone.xib in Resources */,
				0A509E8B13DBAB7C00FED5D9 /* BackgroundStripes.png in Resources */,
				0A12930413DCB7A3009D254F /* Navigation_iPhone.xib in Resources */,
				0A12930613DCBC63009D254F /* Face.png in Resources */,
				0A12930913DCC0DC009D254F /* FacebookActive.png in Resources */,
				0A12930A13DCC0DC009D254F /* FacebookDisabled.png in Resources */,
				0A12930D13DCC0E7009D254F /* TwitterActive.png in Resources */,
				0A12930E13DCC0E7009D254F /* TwitterDisabled.png in Resources */,
				0A12931013DCC2D6009D254F /* Navigation_iPad.xib in Resources */,
				0A12932613DCE9C6009D254F /* Root_iPhone.xib in Resources */,
				0A12932E13DCEAE4009D254F /* Root_iPad.xib in Resources */,
				0A12933213DCF84B009D254F /* ForegroundStripes.png in Resources */,
			);
			runOnlyForDeploymentPostprocessing = 0;
		};
		0AD9A37B13D53BD300EFECE0 /* Resources */ = {
			isa = PBXResourcesBuildPhase;
			buildActionMask = 2147483647;
			files = (
				0AD9A38A13D53BD300EFECE0 /* InfoPlist.strings in Resources */,
				0AD9A38D13D53BD300EFECE0 /* ShelbyTests.h in Resources */,
			);
			runOnlyForDeploymentPostprocessing = 0;
		};
/* End PBXResourcesBuildPhase section */

/* Begin PBXShellScriptBuildPhase section */
		0AD9A37C13D53BD300EFECE0 /* ShellScript */ = {
			isa = PBXShellScriptBuildPhase;
			buildActionMask = 2147483647;
			files = (
			);
			inputPaths = (
			);
			outputPaths = (
			);
			runOnlyForDeploymentPostprocessing = 0;
			shellPath = /bin/sh;
			shellScript = "# Run the unit tests in this test bundle.\n\"${SYSTEM_DEVELOPER_DIR}/Tools/RunUnitTests\"\n";
		};
/* End PBXShellScriptBuildPhase section */

/* Begin PBXSourcesBuildPhase section */
		0AD9A34C13D53BD200EFECE0 /* Sources */ = {
			isa = PBXSourcesBuildPhase;
			buildActionMask = 2147483647;
			files = (
				0AD9A36413D53BD300EFECE0 /* main.m in Sources */,
				0AD9A36713D53BD300EFECE0 /* ShelbyAppDelegate.m in Sources */,
				0AD9A36A13D53BD300EFECE0 /* Shelby.xcdatamodeld in Sources */,
				0AD9A36E13D53BD300EFECE0 /* ShelbyAppDelegate_iPhone.m in Sources */,
				0AD9A37513D53BD300EFECE0 /* ShelbyAppDelegate_iPad.m in Sources */,
				0AD9A3F613D6A45300EFECE0 /* LoginViewController.m in Sources */,
				0A12931313DCD2AA009D254F /* NavigationViewController_iPhone.m in Sources */,
				0A12931613DCD300009D254F /* NavigationViewController.m in Sources */,
				0A12931913DCD8CA009D254F /* NavigationViewController_iPad.m in Sources */,
				0A12932913DCEA7E009D254F /* RootViewController.m in Sources */,
				0A12933B13DD0DC0009D254F /* VideoTableViewController.m in Sources */,
				0A220C9713DE8193004BE680 /* VideoTableData.m in Sources */,
			);
			runOnlyForDeploymentPostprocessing = 0;
		};
		0AD9A37913D53BD300EFECE0 /* Sources */ = {
			isa = PBXSourcesBuildPhase;
			buildActionMask = 2147483647;
			files = (
				0AD9A38F13D53BD300EFECE0 /* ShelbyTests.m in Sources */,
			);
			runOnlyForDeploymentPostprocessing = 0;
		};
/* End PBXSourcesBuildPhase section */

/* Begin PBXTargetDependency section */
		0AD9A38413D53BD300EFECE0 /* PBXTargetDependency */ = {
			isa = PBXTargetDependency;
			target = 0AD9A34F13D53BD200EFECE0 /* Shelby */;
			targetProxy = 0AD9A38313D53BD300EFECE0 /* PBXContainerItemProxy */;
		};
/* End PBXTargetDependency section */

/* Begin PBXVariantGroup section */
		0AD9A35F13D53BD200EFECE0 /* InfoPlist.strings */ = {
			isa = PBXVariantGroup;
			children = (
				0AD9A36013D53BD200EFECE0 /* en */,
			);
			name = InfoPlist.strings;
			sourceTree = "<group>";
		};
		0AD9A36F13D53BD300EFECE0 /* MainWindow_iPhone.xib */ = {
			isa = PBXVariantGroup;
			children = (
				0AD9A37013D53BD300EFECE0 /* en */,
			);
			name = MainWindow_iPhone.xib;
			sourceTree = "<group>";
		};
		0AD9A37613D53BD300EFECE0 /* MainWindow_iPad.xib */ = {
			isa = PBXVariantGroup;
			children = (
				0AD9A37713D53BD300EFECE0 /* en */,
			);
			name = MainWindow_iPad.xib;
			sourceTree = "<group>";
		};
		0AD9A38813D53BD300EFECE0 /* InfoPlist.strings */ = {
			isa = PBXVariantGroup;
			children = (
				0AD9A38913D53BD300EFECE0 /* en */,
			);
			name = InfoPlist.strings;
			sourceTree = "<group>";
		};
/* End PBXVariantGroup section */

/* Begin XCBuildConfiguration section */
		0AD9A39013D53BD300EFECE0 /* Debug */ = {
			isa = XCBuildConfiguration;
			buildSettings = {
				ARCHS = "$(ARCHS_STANDARD_32_BIT)";
				"CODE_SIGN_IDENTITY[sdk=iphoneos*]" = "iPhone Developer";
				GCC_C_LANGUAGE_STANDARD = gnu99;
				GCC_OPTIMIZATION_LEVEL = 0;
				GCC_PREPROCESSOR_DEFINITIONS = DEBUG;
				GCC_SYMBOLS_PRIVATE_EXTERN = NO;
				GCC_VERSION = com.apple.compilers.llvmgcc42;
				GCC_WARN_ABOUT_RETURN_TYPE = YES;
				GCC_WARN_UNUSED_VARIABLE = YES;
				IPHONEOS_DEPLOYMENT_TARGET = 3.1;
				SDKROOT = iphoneos;
				TARGETED_DEVICE_FAMILY = "1,2";
			};
			name = Debug;
		};
		0AD9A39113D53BD300EFECE0 /* Release */ = {
			isa = XCBuildConfiguration;
			buildSettings = {
				ARCHS = "$(ARCHS_STANDARD_32_BIT)";
				"CODE_SIGN_IDENTITY[sdk=iphoneos*]" = "iPhone Developer";
				GCC_C_LANGUAGE_STANDARD = gnu99;
				GCC_VERSION = com.apple.compilers.llvmgcc42;
				GCC_WARN_ABOUT_RETURN_TYPE = YES;
				GCC_WARN_UNUSED_VARIABLE = YES;
				IPHONEOS_DEPLOYMENT_TARGET = 3.1;
				OTHER_CFLAGS = "-DNS_BLOCK_ASSERTIONS=1";
				SDKROOT = iphoneos;
				TARGETED_DEVICE_FAMILY = "1,2";
			};
			name = Release;
		};
		0AD9A39313D53BD300EFECE0 /* Debug */ = {
			isa = XCBuildConfiguration;
			buildSettings = {
				ALWAYS_SEARCH_USER_PATHS = NO;
				COPY_PHASE_STRIP = NO;
				GCC_DYNAMIC_NO_PIC = NO;
				GCC_PRECOMPILE_PREFIX_HEADER = YES;
				GCC_PREFIX_HEADER = "Shelby/Shelby-Prefix.pch";
				INFOPLIST_FILE = "Shelby/Shelby-Info.plist";
				IPHONEOS_DEPLOYMENT_TARGET = 3.1;
				PRODUCT_NAME = "$(TARGET_NAME)";
				WRAPPER_EXTENSION = app;
			};
			name = Debug;
		};
		0AD9A39413D53BD300EFECE0 /* Release */ = {
			isa = XCBuildConfiguration;
			buildSettings = {
				ALWAYS_SEARCH_USER_PATHS = NO;
				COPY_PHASE_STRIP = YES;
				GCC_PRECOMPILE_PREFIX_HEADER = YES;
				GCC_PREFIX_HEADER = "Shelby/Shelby-Prefix.pch";
				INFOPLIST_FILE = "Shelby/Shelby-Info.plist";
				IPHONEOS_DEPLOYMENT_TARGET = 3.1;
				PRODUCT_NAME = "$(TARGET_NAME)";
				VALIDATE_PRODUCT = YES;
				WRAPPER_EXTENSION = app;
			};
			name = Release;
		};
		0AD9A39613D53BD300EFECE0 /* Debug */ = {
			isa = XCBuildConfiguration;
			buildSettings = {
				ALWAYS_SEARCH_USER_PATHS = NO;
				BUNDLE_LOADER = "$(BUILT_PRODUCTS_DIR)/Shelby.app/Shelby";
				FRAMEWORK_SEARCH_PATHS = (
					"$(SDKROOT)/Developer/Library/Frameworks",
					"$(DEVELOPER_LIBRARY_DIR)/Frameworks",
				);
				GCC_PRECOMPILE_PREFIX_HEADER = YES;
				GCC_PREFIX_HEADER = "ShelbyTests/ShelbyTests-Prefix.pch";
				INFOPLIST_FILE = "ShelbyTests/ShelbyTests-Info.plist";
				OTHER_LDFLAGS = (
					"-framework",
					SenTestingKit,
				);
				PRODUCT_NAME = "$(TARGET_NAME)";
				TEST_HOST = "$(BUNDLE_LOADER)";
				WRAPPER_EXTENSION = octest;
			};
			name = Debug;
		};
		0AD9A39713D53BD300EFECE0 /* Release */ = {
			isa = XCBuildConfiguration;
			buildSettings = {
				ALWAYS_SEARCH_USER_PATHS = NO;
				BUNDLE_LOADER = "$(BUILT_PRODUCTS_DIR)/Shelby.app/Shelby";
				FRAMEWORK_SEARCH_PATHS = (
					"$(SDKROOT)/Developer/Library/Frameworks",
					"$(DEVELOPER_LIBRARY_DIR)/Frameworks",
				);
				GCC_PRECOMPILE_PREFIX_HEADER = YES;
				GCC_PREFIX_HEADER = "ShelbyTests/ShelbyTests-Prefix.pch";
				INFOPLIST_FILE = "ShelbyTests/ShelbyTests-Info.plist";
				OTHER_LDFLAGS = (
					"-framework",
					SenTestingKit,
				);
				PRODUCT_NAME = "$(TARGET_NAME)";
				TEST_HOST = "$(BUNDLE_LOADER)";
				WRAPPER_EXTENSION = octest;
			};
			name = Release;
		};
/* End XCBuildConfiguration section */

/* Begin XCConfigurationList section */
		0AD9A34A13D53BD200EFECE0 /* Build configuration list for PBXProject "Shelby" */ = {
			isa = XCConfigurationList;
			buildConfigurations = (
				0AD9A39013D53BD300EFECE0 /* Debug */,
				0AD9A39113D53BD300EFECE0 /* Release */,
			);
			defaultConfigurationIsVisible = 0;
			defaultConfigurationName = Release;
		};
		0AD9A39213D53BD300EFECE0 /* Build configuration list for PBXNativeTarget "Shelby" */ = {
			isa = XCConfigurationList;
			buildConfigurations = (
				0AD9A39313D53BD300EFECE0 /* Debug */,
				0AD9A39413D53BD300EFECE0 /* Release */,
			);
			defaultConfigurationIsVisible = 0;
			defaultConfigurationName = Release;
		};
		0AD9A39513D53BD300EFECE0 /* Build configuration list for PBXNativeTarget "ShelbyTests" */ = {
			isa = XCConfigurationList;
			buildConfigurations = (
				0AD9A39613D53BD300EFECE0 /* Debug */,
				0AD9A39713D53BD300EFECE0 /* Release */,
			);
			defaultConfigurationIsVisible = 0;
			defaultConfigurationName = Release;
		};
/* End XCConfigurationList section */

/* Begin XCVersionGroup section */
		0AD9A36813D53BD300EFECE0 /* Shelby.xcdatamodeld */ = {
			isa = XCVersionGroup;
			children = (
				0AD9A36913D53BD300EFECE0 /* Shelby.xcdatamodel */,
			);
			currentVersion = 0AD9A36913D53BD300EFECE0 /* Shelby.xcdatamodel */;
			path = Shelby.xcdatamodeld;
			sourceTree = "<group>";
			versionGroupType = wrapper.xcdatamodel;
		};
/* End XCVersionGroup section */
	};
	rootObject = 0AD9A34713D53BD200EFECE0 /* Project object */;
}
